
Microsoft Visual Studio Solution File, Format Version 12.00
# Visual Studio Version 16
VisualStudioVersion = 16.0.31005.135
MinimumVisualStudioVersion = 10.0.40219.1
Project("{9A19103F-16F7-4668-BE54-9A1E7A4F7556}") = "No_1_ShortOfPrice", "No_1_ShortOfPrice\No_1_ShortOfPrice.csproj", "{EF846461-E16C-46CA-ADDA-B09572952C49}"
EndProject
Project("{8BC9CEB8-8B4A-11D0-8D11-00A0C91BC942}") = "No_1_ShortOhPriceCpp", "No_1_ShortOhPriceCpp\No_1_ShortOhPriceCpp.vcxproj", "{FB0FE015-3B5A-4125-BB96-28D09673F7A3}"
EndProject
Project("{8BC9CEB8-8B4A-11D0-8D11-00A0C91BC942}") = "DFS", "DFS\DFS.vcxproj", "{E8E1F33D-2590-427A-8944-5013B076CB5C}"
EndProject
Project("{8BC9CEB8-8B4A-11D0-8D11-00A0C91BC942}") = "BFS", "BFS\BFS.vcxproj", "{A99102DA-7A51-458F-AB77-8C824DB7A716}"
EndProject
Global
	GlobalSection(SolutionConfigurationPlatforms) = preSolution
		Debug|Any CPU = Debug|Any CPU
		Debug|x64 = Debug|x64
		Debug|x86 = Debug|x86
		Release|Any CPU = Release|Any CPU
		Release|x64 = Release|x64
		Release|x86 = Release|x86
	EndGlobalSection
	GlobalSection(ProjectConfigurationPlatforms) = postSolution
		{EF846461-E16C-46CA-ADDA-B09572952C49}.Debug|Any CPU.ActiveCfg = Debug|Any CPU
		{EF846461-E16C-46CA-ADDA-B09572952C49}.Debug|Any CPU.Build.0 = Debug|Any CPU
		{EF846461-E16C-46CA-ADDA-B09572952C49}.Debug|x64.ActiveCfg = Debug|Any CPU
		{EF846461-E16C-46CA-ADDA-B09572952C49}.Debug|x64.Build.0 = Debug|Any CPU
		{EF846461-E16C-46CA-ADDA-B09572952C49}.Debug|x86.ActiveCfg = Debug|Any CPU
		{EF846461-E16C-46CA-ADDA-B09572952C49}.Debug|x86.Build.0 = Debug|Any CPU
		{EF846461-E16C-46CA-ADDA-B09572952C49}.Release|Any CPU.ActiveCfg = Release|Any CPU
		{EF846461-E16C-46CA-ADDA-B09572952C49}.Release|Any CPU.Build.0 = Release|Any CPU
		{EF846461-E16C-46CA-ADDA-B09572952C49}.Release|x64.ActiveCfg = Release|Any CPU
		{EF846461-E16C-46CA-ADDA-B09572952C49}.Release|x64.Build.0 = Release|Any CPU
		{EF846461-E16C-46CA-ADDA-B09572952C49}.Release|x86.ActiveCfg = Release|Any CPU
		{EF846461-E16C-46CA-ADDA-B09572952C49}.Release|x86.Build.0 = Release|Any CPU
		{FB0FE015-3B5A-4125-BB96-28D09673F7A3}.Debug|Any CPU.ActiveCfg = Debug|Win32
		{FB0FE015-3B5A-4125-BB96-28D09673F7A3}.Debug|x64.ActiveCfg = Debug|x64
		{FB0FE015-3B5A-4125-BB96-28D09673F7A3}.Debug|x64.Build.0 = Debug|x64
		{FB0FE015-3B5A-4125-BB96-28D09673F7A3}.Debug|x86.ActiveCfg = Debug|Win32
		{FB0FE015-3B5A-4125-BB96-28D09673F7A3}.Debug|x86.Build.0 = Debug|Win32
		{FB0FE015-3B5A-4125-BB96-28D09673F7A3}.Release|Any CPU.ActiveCfg = Release|Win32
		{FB0FE015-3B5A-4125-BB96-28D09673F7A3}.Release|x64.ActiveCfg = Release|x64
		{FB0FE015-3B5A-4125-BB96-28D09673F7A3}.Release|x64.Build.0 = Release|x64
		{FB0FE015-3B5A-4125-BB96-28D09673F7A3}.Release|x86.ActiveCfg = Release|Win32
		{FB0FE015-3B5A-4125-BB96-28D09673F7A3}.Release|x86.Build.0 = Release|Win32
		{E8E1F33D-2590-427A-8944-5013B076CB5C}.Debug|Any CPU.ActiveCfg = Debug|Win32
		{E8E1F33D-2590-427A-8944-5013B076CB5C}.Debug|x64.ActiveCfg = Debug|x64
		{E8E1F33D-2590-427A-8944-5013B076CB5C}.Debug|x64.Build.0 = Debug|x64
		{E8E1F33D-2590-427A-8944-5013B076CB5C}.Debug|x86.ActiveCfg = Debug|Win32
		{E8E1F33D-2590-427A-8944-5013B076CB5C}.Debug|x86.Build.0 = Debug|Win32
		{E8E1F33D-2590-427A-8944-5013B076CB5C}.Release|Any CPU.ActiveCfg = Release|Win32
		{E8E1F33D-2590-427A-8944-5013B076CB5C}.Release|x64.ActiveCfg = Release|x64
		{E8E1F33D-2590-427A-8944-5013B076CB5C}.Release|x64.Build.0 = Release|x64
		{E8E1F33D-2590-427A-8944-5013B076CB5C}.Release|x86.ActiveCfg = Release|Win32
		{E8E1F33D-2590-427A-8944-5013B076CB5C}.Release|x86.Build.0 = Release|Win32
		{A99102DA-7A51-458F-AB77-8C824DB7A716}.Debug|Any CPU.ActiveCfg = Debug|Win32
		{A99102DA-7A51-458F-AB77-8C824DB7A716}.Debug|x64.ActiveCfg = Debug|x64
		{A99102DA-7A51-458F-AB77-8C824DB7A716}.Debug|x64.Build.0 = Debug|x64
		{A99102DA-7A51-458F-AB77-8C824DB7A716}.Debug|x86.ActiveCfg = Debug|Win32
		{A99102DA-7A51-458F-AB77-8C824DB7A716}.Debug|x86.Build.0 = Debug|Win32
		{A99102DA-7A51-458F-AB77-8C824DB7A716}.Release|Any CPU.ActiveCfg = Release|Win32
		{A99102DA-7A51-458F-AB77-8C824DB7A716}.Release|x64.ActiveCfg = Release|x64
		{A99102DA-7A51-458F-AB77-8C824DB7A716}.Release|x64.Build.0 = Release|x64
		{A99102DA-7A51-458F-AB77-8C824DB7A716}.Release|x86.ActiveCfg = Release|Win32
		{A99102DA-7A51-458F-AB77-8C824DB7A716}.Release|x86.Build.0 = Release|Win32
	EndGlobalSection
	GlobalSection(SolutionProperties) = preSolution
		HideSolutionNode = FALSE
	EndGlobalSection
	GlobalSection(ExtensibilityGlobals) = postSolution
		SolutionGuid = {14A47EA1-19CC-40A4-9F08-08B7D06DA892}
	EndGlobalSection
EndGlobal
